
Microsoft Visual Studio Solution File, Format Version 12.00
# Visual Studio 15
VisualStudioVersion = 15.0.26730.8
MinimumVisualStudioVersion = 10.0.40219.1
Project("{FAE04EC0-301F-11D3-BF4B-00C04F79EFBC}") = "ProtótipoPortaria", "ProtótipoPortaria\ProtótipoPortaria.csproj", "{22B44702-AAF2-45FE-80F6-1CCD9B71CA72}"
EndProject
Global
	GlobalSection(SolutionConfigurationPlatforms) = preSolution
		Debug|Any CPU = Debug|Any CPU
		Release|Any CPU = Release|Any CPU
	EndGlobalSection
	GlobalSection(ProjectConfigurationPlatforms) = postSolution
		{22B44702-AAF2-45FE-80F6-1CCD9B71CA72}.Debug|Any CPU.ActiveCfg = Debug|Any CPU
		{22B44702-AAF2-45FE-80F6-1CCD9B71CA72}.Debug|Any CPU.Build.0 = Debug|Any CPU
		{22B44702-AAF2-45FE-80F6-1CCD9B71CA72}.Release|Any CPU.ActiveCfg = Release|Any CPU
		{22B44702-AAF2-45FE-80F6-1CCD9B71CA72}.Release|Any CPU.Build.0 = Release|Any CPU
	EndGlobalSection
	GlobalSection(SolutionProperties) = preSolution
		HideSolutionNode = FALSE
	EndGlobalSection
	GlobalSection(ExtensibilityGlobals) = postSolution
		SolutionGuid = {83BA98BD-D765-4133-96AD-4700FC288F13}
	EndGlobalSection
EndGlobal
